// !$*UTF8*$!
{
	archiveVersion = 1;
	classes = {
	};
	objectVersion = 56;
	objects = {

/* Begin PBXBuildFile section */
		05C4D50B2AF360FB009992C7 /* Assets.xcassets in Resources */ = {isa = PBXBuildFile; fileRef = 05C4D50A2AF360FB009992C7 /* Assets.xcassets */; };
		05C4D50E2AF360FB009992C7 /* Preview Assets.xcassets in Resources */ = {isa = PBXBuildFile; fileRef = 05C4D50D2AF360FB009992C7 /* Preview Assets.xcassets */; };
		05C4D5182AF3613C009992C7 /* SupportCenterViewModel.swift in Sources */ = {isa = PBXBuildFile; fileRef = 05C4D5172AF3613C009992C7 /* SupportCenterViewModel.swift */; };
		05C4D51E2AF36174009992C7 /* ListCategorySupportHomeModel.swift in Sources */ = {isa = PBXBuildFile; fileRef = 05C4D51C2AF36174009992C7 /* ListCategorySupportHomeModel.swift */; };
		05C4D51F2AF36174009992C7 /* QandASupportModel.swift in Sources */ = {isa = PBXBuildFile; fileRef = 05C4D51D2AF36174009992C7 /* QandASupportModel.swift */; };
		05C4D5222AF36185009992C7 /* SampleData.swift in Sources */ = {isa = PBXBuildFile; fileRef = 05C4D5202AF36185009992C7 /* SampleData.swift */; };
		05C4D5232AF36185009992C7 /* SupportCenterManager.swift in Sources */ = {isa = PBXBuildFile; fileRef = 05C4D5212AF36185009992C7 /* SupportCenterManager.swift */; };
		05C4D5262AF361A9009992C7 /* QandASupportView.swift in Sources */ = {isa = PBXBuildFile; fileRef = 05C4D5252AF361A9009992C7 /* QandASupportView.swift */; };
		05C4D5292AF361D1009992C7 /* CategoryItemView.swift in Sources */ = {isa = PBXBuildFile; fileRef = 05C4D5272AF361D1009992C7 /* CategoryItemView.swift */; };
		05C4D52A2AF361D1009992C7 /* CategoryListView.swift in Sources */ = {isa = PBXBuildFile; fileRef = 05C4D5282AF361D1009992C7 /* CategoryListView.swift */; };
		05C4D52C2AF36201009992C7 /* SupportCenterScreen.swift in Sources */ = {isa = PBXBuildFile; fileRef = 05C4D52B2AF36201009992C7 /* SupportCenterScreen.swift */; };
		05C4D52E2AF36215009992C7 /* AppDelegate.swift in Sources */ = {isa = PBXBuildFile; fileRef = 05C4D52D2AF36215009992C7 /* AppDelegate.swift */; };
		05C4D5302AF36227009992C7 /* SceneDelegate.swift in Sources */ = {isa = PBXBuildFile; fileRef = 05C4D52F2AF36227009992C7 /* SceneDelegate.swift */; };
		05C4D5332AF3623B009992C7 /* SwiftyJSON in Frameworks */ = {isa = PBXBuildFile; productRef = 05C4D5322AF3623B009992C7 /* SwiftyJSON */; };
		05C4D5362AF3624A009992C7 /* SwiftUIBackports in Frameworks */ = {isa = PBXBuildFile; productRef = 05C4D5352AF3624A009992C7 /* SwiftUIBackports */; };
		05C4D5392AF3626A009992C7 /* Kingfisher in Frameworks */ = {isa = PBXBuildFile; productRef = 05C4D5382AF3626A009992C7 /* Kingfisher */; };
		05C4D53C2AF36353009992C7 /* GridStack.swift in Sources */ = {isa = PBXBuildFile; fileRef = 05C4D53B2AF36353009992C7 /* GridStack.swift */; };
		05C4D53F2AF36382009992C7 /* HiAppExtension.swift in Sources */ = {isa = PBXBuildFile; fileRef = 05C4D53E2AF36382009992C7 /* HiAppExtension.swift */; };
		05C4D5422AF38780009992C7 /* UITextViewWrapper.swift in Sources */ = {isa = PBXBuildFile; fileRef = 05C4D5412AF38780009992C7 /* UITextViewWrapper.swift */; };
		05C4D5452AF3970A009992C7 /* CustomUITextView.swift in Sources */ = {isa = PBXBuildFile; fileRef = 05C4D5442AF3970A009992C7 /* CustomUITextView.swift */; };
		05C4D5472AF39D74009992C7 /* ContentView.swift in Sources */ = {isa = PBXBuildFile; fileRef = 05C4D5462AF39D74009992C7 /* ContentView.swift */; };
		05C4D5492AF39F10009992C7 /* QandASupportItem.swift in Sources */ = {isa = PBXBuildFile; fileRef = 05C4D5482AF39F10009992C7 /* QandASupportItem.swift */; };
/* End PBXBuildFile section */

/* Begin PBXFileReference section */
		05C4D5032AF360FA009992C7 /* SupportCenter.app */ = {isa = PBXFileReference; explicitFileType = wrapper.application; includeInIndex = 0; path = SupportCenter.app; sourceTree = BUILT_PRODUCTS_DIR; };
		05C4D50A2AF360FB009992C7 /* Assets.xcassets */ = {isa = PBXFileReference; lastKnownFileType = folder.assetcatalog; path = Assets.xcassets; sourceTree = "<group>"; };
		05C4D50D2AF360FB009992C7 /* Preview Assets.xcassets */ = {isa = PBXFileReference; lastKnownFileType = folder.assetcatalog; path = "Preview Assets.xcassets"; sourceTree = "<group>"; };
		05C4D5172AF3613C009992C7 /* SupportCenterViewModel.swift */ = {isa = PBXFileReference; fileEncoding = 4; lastKnownFileType = sourcecode.swift; path = SupportCenterViewModel.swift; sourceTree = "<group>"; };
		05C4D51C2AF36174009992C7 /* ListCategorySupportHomeModel.swift */ = {isa = PBXFileReference; fileEncoding = 4; lastKnownFileType = sourcecode.swift; path = ListCategorySupportHomeModel.swift; sourceTree = "<group>"; };
		05C4D51D2AF36174009992C7 /* QandASupportModel.swift */ = {isa = PBXFileReference; fileEncoding = 4; lastKnownFileType = sourcecode.swift; path = QandASupportModel.swift; sourceTree = "<group>"; };
		05C4D5202AF36185009992C7 /* SampleData.swift */ = {isa = PBXFileReference; fileEncoding = 4; lastKnownFileType = sourcecode.swift; path = SampleData.swift; sourceTree = "<group>"; };
		05C4D5212AF36185009992C7 /* SupportCenterManager.swift */ = {isa = PBXFileReference; fileEncoding = 4; lastKnownFileType = sourcecode.swift; path = SupportCenterManager.swift; sourceTree = "<group>"; };
		05C4D5252AF361A9009992C7 /* QandASupportView.swift */ = {isa = PBXFileReference; fileEncoding = 4; lastKnownFileType = sourcecode.swift; path = QandASupportView.swift; sourceTree = "<group>"; };
		05C4D5272AF361D1009992C7 /* CategoryItemView.swift */ = {isa = PBXFileReference; fileEncoding = 4; lastKnownFileType = sourcecode.swift; path = CategoryItemView.swift; sourceTree = "<group>"; };
		05C4D5282AF361D1009992C7 /* CategoryListView.swift */ = {isa = PBXFileReference; fileEncoding = 4; lastKnownFileType = sourcecode.swift; path = CategoryListView.swift; sourceTree = "<group>"; };
		05C4D52B2AF36201009992C7 /* SupportCenterScreen.swift */ = {isa = PBXFileReference; fileEncoding = 4; lastKnownFileType = sourcecode.swift; path = SupportCenterScreen.swift; sourceTree = "<group>"; };
		05C4D52D2AF36215009992C7 /* AppDelegate.swift */ = {isa = PBXFileReference; fileEncoding = 4; lastKnownFileType = sourcecode.swift; path = AppDelegate.swift; sourceTree = "<group>"; };
		05C4D52F2AF36227009992C7 /* SceneDelegate.swift */ = {isa = PBXFileReference; fileEncoding = 4; lastKnownFileType = sourcecode.swift; path = SceneDelegate.swift; sourceTree = "<group>"; };
		05C4D53A2AF36283009992C7 /* Info.plist */ = {isa = PBXFileReference; lastKnownFileType = text.plist; path = Info.plist; sourceTree = "<group>"; };
		05C4D53B2AF36353009992C7 /* GridStack.swift */ = {isa = PBXFileReference; fileEncoding = 4; lastKnownFileType = sourcecode.swift; path = GridStack.swift; sourceTree = "<group>"; };
		05C4D53E2AF36382009992C7 /* HiAppExtension.swift */ = {isa = PBXFileReference; fileEncoding = 4; lastKnownFileType = sourcecode.swift; path = HiAppExtension.swift; sourceTree = "<group>"; };
		05C4D5412AF38780009992C7 /* UITextViewWrapper.swift */ = {isa = PBXFileReference; lastKnownFileType = sourcecode.swift; path = UITextViewWrapper.swift; sourceTree = "<group>"; };
		05C4D5442AF3970A009992C7 /* CustomUITextView.swift */ = {isa = PBXFileReference; lastKnownFileType = sourcecode.swift; path = CustomUITextView.swift; sourceTree = "<group>"; };
		05C4D5462AF39D74009992C7 /* ContentView.swift */ = {isa = PBXFileReference; lastKnownFileType = sourcecode.swift; path = ContentView.swift; sourceTree = "<group>"; };
		05C4D5482AF39F10009992C7 /* QandASupportItem.swift */ = {isa = PBXFileReference; lastKnownFileType = sourcecode.swift; path = QandASupportItem.swift; sourceTree = "<group>"; };
/* End PBXFileReference section */

/* Begin PBXFrameworksBuildPhase section */
		05C4D5002AF360FA009992C7 /* Frameworks */ = {
			isa = PBXFrameworksBuildPhase;
			buildActionMask = 2147483647;
			files = (
				05C4D5392AF3626A009992C7 /* Kingfisher in Frameworks */,
				05C4D5362AF3624A009992C7 /* SwiftUIBackports in Frameworks */,
				05C4D5332AF3623B009992C7 /* SwiftyJSON in Frameworks */,
			);
			runOnlyForDeploymentPostprocessing = 0;
		};
/* End PBXFrameworksBuildPhase section */

/* Begin PBXGroup section */
		05C4D4FA2AF360FA009992C7 = {
			isa = PBXGroup;
			children = (
				05C4D5052AF360FA009992C7 /* SupportCenter */,
				05C4D5042AF360FA009992C7 /* Products */,
			);
			sourceTree = "<group>";
		};
		05C4D5042AF360FA009992C7 /* Products */ = {
			isa = PBXGroup;
			children = (
				05C4D5032AF360FA009992C7 /* SupportCenter.app */,
			);
			name = Products;
			sourceTree = "<group>";
		};
		05C4D5052AF360FA009992C7 /* SupportCenter */ = {
			isa = PBXGroup;
			children = (
				05C4D52F2AF36227009992C7 /* SceneDelegate.swift */,
				05C4D52D2AF36215009992C7 /* AppDelegate.swift */,
				05C4D52B2AF36201009992C7 /* SupportCenterScreen.swift */,
				05C4D51B2AF3614E009992C7 /* Models */,
				05C4D51A2AF3614A009992C7 /* Manager */,
				05C4D5192AF36142009992C7 /* Views */,
				05C4D5162AF3612A009992C7 /* ViewModels */,
				05C4D53D2AF3635C009992C7 /* Extension */,
				05C4D50A2AF360FB009992C7 /* Assets.xcassets */,
				05C4D53A2AF36283009992C7 /* Info.plist */,
				05C4D50C2AF360FB009992C7 /* Preview Content */,
				05C4D5462AF39D74009992C7 /* ContentView.swift */,
			);
			path = SupportCenter;
			sourceTree = "<group>";
		};
		05C4D50C2AF360FB009992C7 /* Preview Content */ = {
			isa = PBXGroup;
			children = (
				05C4D50D2AF360FB009992C7 /* Preview Assets.xcassets */,
			);
			path = "Preview Content";
			sourceTree = "<group>";
		};
		05C4D5162AF3612A009992C7 /* ViewModels */ = {
			isa = PBXGroup;
			children = (
				05C4D5172AF3613C009992C7 /* SupportCenterViewModel.swift */,
			);
			path = ViewModels;
			sourceTree = "<group>";
		};
		05C4D5192AF36142009992C7 /* Views */ = {
			isa = PBXGroup;
			children = (
				05C4D5402AF38754009992C7 /* Commons */,
				05C4D5272AF361D1009992C7 /* CategoryItemView.swift */,
				05C4D5282AF361D1009992C7 /* CategoryListView.swift */,
				05C4D5252AF361A9009992C7 /* QandASupportView.swift */,
				05C4D5482AF39F10009992C7 /* QandASupportItem.swift */,
			);
			path = Views;
			sourceTree = "<group>";
		};
		05C4D51A2AF3614A009992C7 /* Manager */ = {
			isa = PBXGroup;
			children = (
				05C4D5202AF36185009992C7 /* SampleData.swift */,
				05C4D5212AF36185009992C7 /* SupportCenterManager.swift */,
			);
			path = Manager;
			sourceTree = "<group>";
		};
		05C4D51B2AF3614E009992C7 /* Models */ = {
			isa = PBXGroup;
			children = (
				05C4D51C2AF36174009992C7 /* ListCategorySupportHomeModel.swift */,
				05C4D51D2AF36174009992C7 /* QandASupportModel.swift */,
			);
			path = Models;
			sourceTree = "<group>";
		};
		05C4D53D2AF3635C009992C7 /* Extension */ = {
			isa = PBXGroup;
			children = (
				05C4D53E2AF36382009992C7 /* HiAppExtension.swift */,
			);
			path = Extension;
			sourceTree = "<group>";
		};
		05C4D5402AF38754009992C7 /* Commons */ = {
			isa = PBXGroup;
			children = (
				05C4D53B2AF36353009992C7 /* GridStack.swift */,
				05C4D5412AF38780009992C7 /* UITextViewWrapper.swift */,
				05C4D5442AF3970A009992C7 /* CustomUITextView.swift */,
			);
			path = Commons;
			sourceTree = "<group>";
		};
/* End PBXGroup section */

/* Begin PBXNativeTarget section */
		05C4D5022AF360FA009992C7 /* SupportCenter */ = {
			isa = PBXNativeTarget;
			buildConfigurationList = 05C4D5112AF360FB009992C7 /* Build configuration list for PBXNativeTarget "SupportCenter" */;
			buildPhases = (
				05C4D4FF2AF360FA009992C7 /* Sources */,
				05C4D5002AF360FA009992C7 /* Frameworks */,
				05C4D5012AF360FA009992C7 /* Resources */,
			);
			buildRules = (
			);
			dependencies = (
			);
			name = SupportCenter;
			packageProductDependencies = (
				05C4D5322AF3623B009992C7 /* SwiftyJSON */,
				05C4D5352AF3624A009992C7 /* SwiftUIBackports */,
				05C4D5382AF3626A009992C7 /* Kingfisher */,
			);
			productName = SupportCenter;
			productReference = 05C4D5032AF360FA009992C7 /* SupportCenter.app */;
			productType = "com.apple.product-type.application";
		};
/* End PBXNativeTarget section */

/* Begin PBXProject section */
		05C4D4FB2AF360FA009992C7 /* Project object */ = {
			isa = PBXProject;
			attributes = {
				BuildIndependentTargetsInParallel = 1;
				LastSwiftUpdateCheck = 1500;
				LastUpgradeCheck = 1500;
				TargetAttributes = {
					05C4D5022AF360FA009992C7 = {
						CreatedOnToolsVersion = 15.0.1;
					};
				};
			};
			buildConfigurationList = 05C4D4FE2AF360FA009992C7 /* Build configuration list for PBXProject "SupportCenter" */;
			compatibilityVersion = "Xcode 14.0";
			developmentRegion = en;
			hasScannedForEncodings = 0;
			knownRegions = (
				en,
				Base,
			);
			mainGroup = 05C4D4FA2AF360FA009992C7;
			packageReferences = (
				05C4D5312AF3623B009992C7 /* XCRemoteSwiftPackageReference "SwiftyJSON" */,
				05C4D5342AF36249009992C7 /* XCRemoteSwiftPackageReference "SwiftUIBackports" */,
				05C4D5372AF3626A009992C7 /* XCRemoteSwiftPackageReference "Kingfisher" */,
			);
			productRefGroup = 05C4D5042AF360FA009992C7 /* Products */;
			projectDirPath = "";
			projectRoot = "";
			targets = (
				05C4D5022AF360FA009992C7 /* SupportCenter */,
			);
		};
/* End PBXProject section */

/* Begin PBXResourcesBuildPhase section */
		05C4D5012AF360FA009992C7 /* Resources */ = {
			isa = PBXResourcesBuildPhase;
			buildActionMask = 2147483647;
			files = (
				05C4D50E2AF360FB009992C7 /* Preview Assets.xcassets in Resources */,
				05C4D50B2AF360FB009992C7 /* Assets.xcassets in Resources */,
			);
			runOnlyForDeploymentPostprocessing = 0;
		};
/* End PBXResourcesBuildPhase section */

/* Begin PBXSourcesBuildPhase section */
		05C4D4FF2AF360FA009992C7 /* Sources */ = {
			isa = PBXSourcesBuildPhase;
			buildActionMask = 2147483647;
			files = (
				05C4D52E2AF36215009992C7 /* AppDelegate.swift in Sources */,
				05C4D52C2AF36201009992C7 /* SupportCenterScreen.swift in Sources */,
				05C4D5472AF39D74009992C7 /* ContentView.swift in Sources */,
				05C4D53C2AF36353009992C7 /* GridStack.swift in Sources */,
				05C4D5222AF36185009992C7 /* SampleData.swift in Sources */,
				05C4D5292AF361D1009992C7 /* CategoryItemView.swift in Sources */,
				05C4D53F2AF36382009992C7 /* HiAppExtension.swift in Sources */,
				05C4D52A2AF361D1009992C7 /* CategoryListView.swift in Sources */,
				05C4D5452AF3970A009992C7 /* CustomUITextView.swift in Sources */,
				05C4D5232AF36185009992C7 /* SupportCenterManager.swift in Sources */,
				05C4D51E2AF36174009992C7 /* ListCategorySupportHomeModel.swift in Sources */,
				05C4D5182AF3613C009992C7 /* SupportCenterViewModel.swift in Sources */,
				05C4D5262AF361A9009992C7 /* QandASupportView.swift in Sources */,
				05C4D5492AF39F10009992C7 /* QandASupportItem.swift in Sources */,
				05C4D51F2AF36174009992C7 /* QandASupportModel.swift in Sources */,
				05C4D5302AF36227009992C7 /* SceneDelegate.swift in Sources */,
				05C4D5422AF38780009992C7 /* UITextViewWrapper.swift in Sources */,
			);
			runOnlyForDeploymentPostprocessing = 0;
		};
/* End PBXSourcesBuildPhase section */

/* Begin XCBuildConfiguration section */
		05C4D50F2AF360FB009992C7 /* Debug */ = {
			isa = XCBuildConfiguration;
			buildSettings = {
				ALWAYS_SEARCH_USER_PATHS = NO;
				ASSETCATALOG_COMPILER_GENERATE_SWIFT_ASSET_SYMBOL_EXTENSIONS = YES;
				CLANG_ANALYZER_NONNULL = YES;
				CLANG_ANALYZER_NUMBER_OBJECT_CONVERSION = YES_AGGRESSIVE;
				CLANG_CXX_LANGUAGE_STANDARD = "gnu++20";
				CLANG_ENABLE_MODULES = YES;
				CLANG_ENABLE_OBJC_ARC = YES;
				CLANG_ENABLE_OBJC_WEAK = YES;
				CLANG_WARN_BLOCK_CAPTURE_AUTORELEASING = YES;
				CLANG_WARN_BOOL_CONVERSION = YES;
				CLANG_WARN_COMMA = YES;
				CLANG_WARN_CONSTANT_CONVERSION = YES;
				CLANG_WARN_DEPRECATED_OBJC_IMPLEMENTATIONS = YES;
				CLANG_WARN_DIRECT_OBJC_ISA_USAGE = YES_ERROR;
				CLANG_WARN_DOCUMENTATION_COMMENTS = YES;
				CLANG_WARN_EMPTY_BODY = YES;
				CLANG_WARN_ENUM_CONVERSION = YES;
				CLANG_WARN_INFINITE_RECURSION = YES;
				CLANG_WARN_INT_CONVERSION = YES;
				CLANG_WARN_NON_LITERAL_NULL_CONVERSION = YES;
				CLANG_WARN_OBJC_IMPLICIT_RETAIN_SELF = YES;
				CLANG_WARN_OBJC_LITERAL_CONVERSION = YES;
				CLANG_WARN_OBJC_ROOT_CLASS = YES_ERROR;
				CLANG_WARN_QUOTED_INCLUDE_IN_FRAMEWORK_HEADER = YES;
				CLANG_WARN_RANGE_LOOP_ANALYSIS = YES;
				CLANG_WARN_STRICT_PROTOTYPES = YES;
				CLANG_WARN_SUSPICIOUS_MOVE = YES;
				CLANG_WARN_UNGUARDED_AVAILABILITY = YES_AGGRESSIVE;
				CLANG_WARN_UNREACHABLE_CODE = YES;
				CLANG_WARN__DUPLICATE_METHOD_MATCH = YES;
				COPY_PHASE_STRIP = NO;
				DEBUG_INFORMATION_FORMAT = dwarf;
				ENABLE_STRICT_OBJC_MSGSEND = YES;
				ENABLE_TESTABILITY = YES;
				ENABLE_USER_SCRIPT_SANDBOXING = YES;
				GCC_C_LANGUAGE_STANDARD = gnu17;
				GCC_DYNAMIC_NO_PIC = NO;
				GCC_NO_COMMON_BLOCKS = YES;
				GCC_OPTIMIZATION_LEVEL = 0;
				GCC_PREPROCESSOR_DEFINITIONS = (
					"DEBUG=1",
					"$(inherited)",
				);
				GCC_WARN_64_TO_32_BIT_CONVERSION = YES;
				GCC_WARN_ABOUT_RETURN_TYPE = YES_ERROR;
				GCC_WARN_UNDECLARED_SELECTOR = YES;
				GCC_WARN_UNINITIALIZED_AUTOS = YES_AGGRESSIVE;
				GCC_WARN_UNUSED_FUNCTION = YES;
				GCC_WARN_UNUSED_VARIABLE = YES;
				IPHONEOS_DEPLOYMENT_TARGET = 17.0;
				LOCALIZATION_PREFERS_STRING_CATALOGS = YES;
				MTL_ENABLE_DEBUG_INFO = INCLUDE_SOURCE;
				MTL_FAST_MATH = YES;
				ONLY_ACTIVE_ARCH = YES;
				SDKROOT = iphoneos;
				SWIFT_ACTIVE_COMPILATION_CONDITIONS = "DEBUG $(inherited)";
				SWIFT_OPTIMIZATION_LEVEL = "-Onone";
			};
			name = Debug;
		};
		05C4D5102AF360FB009992C7 /* Release */ = {
			isa = XCBuildConfiguration;
			buildSettings = {
				ALWAYS_SEARCH_USER_PATHS = NO;
				ASSETCATALOG_COMPILER_GENERATE_SWIFT_ASSET_SYMBOL_EXTENSIONS = YES;
				CLANG_ANALYZER_NONNULL = YES;
				CLANG_ANALYZER_NUMBER_OBJECT_CONVERSION = YES_AGGRESSIVE;
				CLANG_CXX_LANGUAGE_STANDARD = "gnu++20";
				CLANG_ENABLE_MODULES = YES;
				CLANG_ENABLE_OBJC_ARC = YES;
				CLANG_ENABLE_OBJC_WEAK = YES;
				CLANG_WARN_BLOCK_CAPTURE_AUTORELEASING = YES;
				CLANG_WARN_BOOL_CONVERSION = YES;
				CLANG_WARN_COMMA = YES;
				CLANG_WARN_CONSTANT_CONVERSION = YES;
				CLANG_WARN_DEPRECATED_OBJC_IMPLEMENTATIONS = YES;
				CLANG_WARN_DIRECT_OBJC_ISA_USAGE = YES_ERROR;
				CLANG_WARN_DOCUMENTATION_COMMENTS = YES;
				CLANG_WARN_EMPTY_BODY = YES;
				CLANG_WARN_ENUM_CONVERSION = YES;
				CLANG_WARN_INFINITE_RECURSION = YES;
				CLANG_WARN_INT_CONVERSION = YES;
				CLANG_WARN_NON_LITERAL_NULL_CONVERSION = YES;
				CLANG_WARN_OBJC_IMPLICIT_RETAIN_SELF = YES;
				CLANG_WARN_OBJC_LITERAL_CONVERSION = YES;
				CLANG_WARN_OBJC_ROOT_CLASS = YES_ERROR;
				CLANG_WARN_QUOTED_INCLUDE_IN_FRAMEWORK_HEADER = YES;
				CLANG_WARN_RANGE_LOOP_ANALYSIS = YES;
				CLANG_WARN_STRICT_PROTOTYPES = YES;
				CLANG_WARN_SUSPICIOUS_MOVE = YES;
				CLANG_WARN_UNGUARDED_AVAILABILITY = YES_AGGRESSIVE;
				CLANG_WARN_UNREACHABLE_CODE = YES;
				CLANG_WARN__DUPLICATE_METHOD_MATCH = YES;
				COPY_PHASE_STRIP = NO;
				DEBUG_INFORMATION_FORMAT = "dwarf-with-dsym";
				ENABLE_NS_ASSERTIONS = NO;
				ENABLE_STRICT_OBJC_MSGSEND = YES;
				ENABLE_USER_SCRIPT_SANDBOXING = YES;
				GCC_C_LANGUAGE_STANDARD = gnu17;
				GCC_NO_COMMON_BLOCKS = YES;
				GCC_WARN_64_TO_32_BIT_CONVERSION = YES;
				GCC_WARN_ABOUT_RETURN_TYPE = YES_ERROR;
				GCC_WARN_UNDECLARED_SELECTOR = YES;
				GCC_WARN_UNINITIALIZED_AUTOS = YES_AGGRESSIVE;
				GCC_WARN_UNUSED_FUNCTION = YES;
				GCC_WARN_UNUSED_VARIABLE = YES;
				IPHONEOS_DEPLOYMENT_TARGET = 17.0;
				LOCALIZATION_PREFERS_STRING_CATALOGS = YES;
				MTL_ENABLE_DEBUG_INFO = NO;
				MTL_FAST_MATH = YES;
				SDKROOT = iphoneos;
				SWIFT_COMPILATION_MODE = wholemodule;
				VALIDATE_PRODUCT = YES;
			};
			name = Release;
		};
		05C4D5122AF360FB009992C7 /* Debug */ = {
			isa = XCBuildConfiguration;
			buildSettings = {
				ASSETCATALOG_COMPILER_APPICON_NAME = AppIcon;
				ASSETCATALOG_COMPILER_GLOBAL_ACCENT_COLOR_NAME = AccentColor;
				CODE_SIGN_STYLE = Automatic;
				CURRENT_PROJECT_VERSION = 1;
				DEVELOPMENT_ASSET_PATHS = "\"SupportCenter/Preview Content\"";
				DEVELOPMENT_TEAM = 29955KP3ZL;
				ENABLE_PREVIEWS = YES;
				GENERATE_INFOPLIST_FILE = YES;
				INFOPLIST_FILE = SupportCenter/Info.plist;
				INFOPLIST_KEY_UIApplicationSupportsIndirectInputEvents = YES;
				INFOPLIST_KEY_UILaunchScreen_Generation = YES;
				INFOPLIST_KEY_UISupportedInterfaceOrientations_iPad = "UIInterfaceOrientationPortrait UIInterfaceOrientationPortraitUpsideDown UIInterfaceOrientationLandscapeLeft UIInterfaceOrientationLandscapeRight";
				INFOPLIST_KEY_UISupportedInterfaceOrientations_iPhone = "UIInterfaceOrientationPortrait UIInterfaceOrientationLandscapeLeft UIInterfaceOrientationLandscapeRight";
				LD_RUNPATH_SEARCH_PATHS = (
					"$(inherited)",
					"@executable_path/Frameworks",
				);
				MARKETING_VERSION = 1.0;
				PRODUCT_BUNDLE_IDENTIFIER = com.k2tam.SupportCenter;
				PRODUCT_NAME = "$(TARGET_NAME)";
				SWIFT_EMIT_LOC_STRINGS = YES;
				SWIFT_VERSION = 5.0;
				TARGETED_DEVICE_FAMILY = "1,2";
			};
			name = Debug;
		};
		05C4D5132AF360FB009992C7 /* Release */ = {
			isa = XCBuildConfiguration;
			buildSettings = {
				ASSETCATALOG_COMPILER_APPICON_NAME = AppIcon;
				ASSETCATALOG_COMPILER_GLOBAL_ACCENT_COLOR_NAME = AccentColor;
				CODE_SIGN_STYLE = Automatic;
				CURRENT_PROJECT_VERSION = 1;
				DEVELOPMENT_ASSET_PATHS = "\"SupportCenter/Preview Content\"";
				DEVELOPMENT_TEAM = 29955KP3ZL;
				ENABLE_PREVIEWS = YES;
				GENERATE_INFOPLIST_FILE = YES;
				INFOPLIST_FILE = SupportCenter/Info.plist;
				INFOPLIST_KEY_UIApplicationSupportsIndirectInputEvents = YES;
				INFOPLIST_KEY_UILaunchScreen_Generation = YES;
				INFOPLIST_KEY_UISupportedInterfaceOrientations_iPad = "UIInterfaceOrientationPortrait UIInterfaceOrientationPortraitUpsideDown UIInterfaceOrientationLandscapeLeft UIInterfaceOrientationLandscapeRight";
				INFOPLIST_KEY_UISupportedInterfaceOrientations_iPhone = "UIInterfaceOrientationPortrait UIInterfaceOrientationLandscapeLeft UIInterfaceOrientationLandscapeRight";
				LD_RUNPATH_SEARCH_PATHS = (
					"$(inherited)",
					"@executable_path/Frameworks",
				);
				MARKETING_VERSION = 1.0;
				PRODUCT_BUNDLE_IDENTIFIER = com.k2tam.SupportCenter;
				PRODUCT_NAME = "$(TARGET_NAME)";
				SWIFT_EMIT_LOC_STRINGS = YES;
				SWIFT_VERSION = 5.0;
				TARGETED_DEVICE_FAMILY = "1,2";
			};
			name = Release;
		};
/* End XCBuildConfiguration section */

/* Begin XCConfigurationList section */
		05C4D4FE2AF360FA009992C7 /* Build configuration list for PBXProject "SupportCenter" */ = {
			isa = XCConfigurationList;
			buildConfigurations = (
				05C4D50F2AF360FB009992C7 /* Debug */,
				05C4D5102AF360FB009992C7 /* Release */,
			);
			defaultConfigurationIsVisible = 0;
			defaultConfigurationName = Release;
		};
		05C4D5112AF360FB009992C7 /* Build configuration list for PBXNativeTarget "SupportCenter" */ = {
			isa = XCConfigurationList;
			buildConfigurations = (
				05C4D5122AF360FB009992C7 /* Debug */,
				05C4D5132AF360FB009992C7 /* Release */,
			);
			defaultConfigurationIsVisible = 0;
			defaultConfigurationName = Release;
		};
/* End XCConfigurationList section */

/* Begin XCRemoteSwiftPackageReference section */
		05C4D5312AF3623B009992C7 /* XCRemoteSwiftPackageReference "SwiftyJSON" */ = {
			isa = XCRemoteSwiftPackageReference;
			repositoryURL = "https://github.com/SwiftyJSON/SwiftyJSON.git";
			requirement = {
				kind = upToNextMajorVersion;
				minimumVersion = 5.0.1;
			};
		};
		05C4D5342AF36249009992C7 /* XCRemoteSwiftPackageReference "SwiftUIBackports" */ = {
			isa = XCRemoteSwiftPackageReference;
			repositoryURL = "https://github.com/shaps80/SwiftUIBackports.git";
			requirement = {
				kind = upToNextMajorVersion;
				minimumVersion = 2.8.0;
			};
		};
		05C4D5372AF3626A009992C7 /* XCRemoteSwiftPackageReference "Kingfisher" */ = {
			isa = XCRemoteSwiftPackageReference;
			repositoryURL = "https://github.com/onevcat/Kingfisher.git";
			requirement = {
				branch = "version6-xcode13";
				kind = branch;
			};
		};
/* End XCRemoteSwiftPackageReference section */

/* Begin XCSwiftPackageProductDependency section */
		05C4D5322AF3623B009992C7 /* SwiftyJSON */ = {
			isa = XCSwiftPackageProductDependency;
			package = 05C4D5312AF3623B009992C7 /* XCRemoteSwiftPackageReference "SwiftyJSON" */;
			productName = SwiftyJSON;
		};
		05C4D5352AF3624A009992C7 /* SwiftUIBackports */ = {
			isa = XCSwiftPackageProductDependency;
			package = 05C4D5342AF36249009992C7 /* XCRemoteSwiftPackageReference "SwiftUIBackports" */;
			productName = SwiftUIBackports;
		};
		05C4D5382AF3626A009992C7 /* Kingfisher */ = {
			isa = XCSwiftPackageProductDependency;
			package = 05C4D5372AF3626A009992C7 /* XCRemoteSwiftPackageReference "Kingfisher" */;
			productName = Kingfisher;
		};
/* End XCSwiftPackageProductDependency section */
	};
	rootObject = 05C4D4FB2AF360FA009992C7 /* Project object */;
}
